
Microsoft Visual Studio Solution File, Format Version 12.00
# Visual Studio Version 16
VisualStudioVersion = 16.0.31515.178
MinimumVisualStudioVersion = 10.0.40219.1
Project("{FAE04EC0-301F-11D3-BF4B-00C04F79EFBC}") = "SecurityInAspNet", "SecurityInAspNet\SecurityInAspNet.csproj", "{70EB18E6-B683-448F-927C-E4FEA33E8C2E}"
EndProject
Project("{FAE04EC0-301F-11D3-BF4B-00C04F79EFBC}") = "SecurityInAspNet.TokenService", "SecurityInAspNet.TokenService\SecurityInAspNet.TokenService.csproj", "{666AAEF3-8220-433D-9BAD-9CEBCF00D1B2}"
EndProject
Global
	GlobalSection(SolutionConfigurationPlatforms) = preSolution
		Debug|Any CPU = Debug|Any CPU
		Release|Any CPU = Release|Any CPU
	EndGlobalSection
	GlobalSection(ProjectConfigurationPlatforms) = postSolution
		{70EB18E6-B683-448F-927C-E4FEA33E8C2E}.Debug|Any CPU.ActiveCfg = Debug|Any CPU
		{70EB18E6-B683-448F-927C-E4FEA33E8C2E}.Debug|Any CPU.Build.0 = Debug|Any CPU
		{70EB18E6-B683-448F-927C-E4FEA33E8C2E}.Release|Any CPU.ActiveCfg = Release|Any CPU
		{70EB18E6-B683-448F-927C-E4FEA33E8C2E}.Release|Any CPU.Build.0 = Release|Any CPU
		{666AAEF3-8220-433D-9BAD-9CEBCF00D1B2}.Debug|Any CPU.ActiveCfg = Debug|Any CPU
		{666AAEF3-8220-433D-9BAD-9CEBCF00D1B2}.Debug|Any CPU.Build.0 = Debug|Any CPU
		{666AAEF3-8220-433D-9BAD-9CEBCF00D1B2}.Release|Any CPU.ActiveCfg = Release|Any CPU
		{666AAEF3-8220-433D-9BAD-9CEBCF00D1B2}.Release|Any CPU.Build.0 = Release|Any CPU
	EndGlobalSection
	GlobalSection(SolutionProperties) = preSolution
		HideSolutionNode = FALSE
	EndGlobalSection
	GlobalSection(ExtensibilityGlobals) = postSolution
		SolutionGuid = {621712DF-EB10-47F7-93C8-B0C7BB6AAF64}
	EndGlobalSection
EndGlobal
